
Microsoft Visual Studio Solution File, Format Version 12.00
# Visual Studio Version 16
VisualStudioVersion = 16.0.30011.22
MinimumVisualStudioVersion = 10.0.40219.1
Project("{D954291E-2A0B-460D-934E-DC6B0785DB48}") = "NDCOsloSpeakerList.Shared", "NDCOsloSpeakerList\NDCOsloSpeakerList.Shared\NDCOsloSpeakerList.Shared.shproj", "{6279C845-92F8-4333-AB99-3D213163593C}"
EndProject
Project("{FAE04EC0-301F-11D3-BF4B-00C04F79EFBC}") = "NDCOsloSpeakerList.Droid", "NDCOsloSpeakerList\NDCOsloSpeakerList.Droid\NDCOsloSpeakerList.Droid.csproj", "{75237D76-BE7D-4F07-93C7-5EDE64BAE2A7}"
EndProject
Project("{FAE04EC0-301F-11D3-BF4B-00C04F79EFBC}") = "NDCOsloSpeakerList.iOS", "NDCOsloSpeakerList\NDCOsloSpeakerList.iOS\NDCOsloSpeakerList.iOS.csproj", "{7E5E8F17-6DB6-4B1E-B992-7363CA7EEB4C}"
EndProject
Project("{FAE04EC0-301F-11D3-BF4B-00C04F79EFBC}") = "NDCOsloSpeakerList.UWP", "NDCOsloSpeakerList\NDCOsloSpeakerList.UWP\NDCOsloSpeakerList.UWP.csproj", "{DF2D5237-077B-42DB-88DD-1338C22D5A57}"
EndProject
Project("{FAE04EC0-301F-11D3-BF4B-00C04F79EFBC}") = "NDCOsloSpeakerList.Wasm", "NDCOsloSpeakerList\NDCOsloSpeakerList.Wasm\NDCOsloSpeakerList.Wasm.csproj", "{763324B9-ACA5-41C9-93AE-84007DD62EE5}"
EndProject
Project("{FAE04EC0-301F-11D3-BF4B-00C04F79EFBC}") = "NDCOsloSpeakerList.macOS", "NDCOsloSpeakerList\NDCOsloSpeakerList.macOS\NDCOsloSpeakerList.macOS.csproj", "{BF696F5D-2235-4D97-9964-783C43659ABC}"
EndProject
Global
	GlobalSection(SharedMSBuildProjectFiles) = preSolution
		NDCOsloSpeakerList\NDCOsloSpeakerList.Shared\NDCOsloSpeakerList.Shared.projitems*{6279c845-92f8-4333-ab99-3d213163593c}*SharedItemsImports = 13
		NDCOsloSpeakerList\NDCOsloSpeakerList.Shared\NDCOsloSpeakerList.Shared.projitems*{75237d76-be7d-4f07-93c7-5ede64bae2a7}*SharedItemsImports = 4
		NDCOsloSpeakerList\NDCOsloSpeakerList.Shared\NDCOsloSpeakerList.Shared.projitems*{763324b9-aca5-41c9-93ae-84007dd62ee5}*SharedItemsImports = 5
		NDCOsloSpeakerList\NDCOsloSpeakerList.Shared\NDCOsloSpeakerList.Shared.projitems*{7e5e8f17-6db6-4b1e-b992-7363ca7eeb4c}*SharedItemsImports = 4
		NDCOsloSpeakerList\NDCOsloSpeakerList.Shared\NDCOsloSpeakerList.Shared.projitems*{bf696f5d-2235-4d97-9964-783c43659abc}*SharedItemsImports = 4
		NDCOsloSpeakerList\NDCOsloSpeakerList.Shared\NDCOsloSpeakerList.Shared.projitems*{df2d5237-077b-42db-88dd-1338c22d5a57}*SharedItemsImports = 4
	EndGlobalSection
	GlobalSection(SolutionConfigurationPlatforms) = preSolution
		Ad-Hoc|Any CPU = Ad-Hoc|Any CPU
		Ad-Hoc|ARM = Ad-Hoc|ARM
		Ad-Hoc|ARM64 = Ad-Hoc|ARM64
		Ad-Hoc|iPhone = Ad-Hoc|iPhone
		Ad-Hoc|iPhoneSimulator = Ad-Hoc|iPhoneSimulator
		Ad-Hoc|x64 = Ad-Hoc|x64
		Ad-Hoc|x86 = Ad-Hoc|x86
		AppStore|Any CPU = AppStore|Any CPU
		AppStore|ARM = AppStore|ARM
		AppStore|ARM64 = AppStore|ARM64
		AppStore|iPhone = AppStore|iPhone
		AppStore|iPhoneSimulator = AppStore|iPhoneSimulator
		AppStore|x64 = AppStore|x64
		AppStore|x86 = AppStore|x86
		Debug|Any CPU = Debug|Any CPU
		Debug|ARM = Debug|ARM
		Debug|ARM64 = Debug|ARM64
		Debug|iPhone = Debug|iPhone
		Debug|iPhoneSimulator = Debug|iPhoneSimulator
		Debug|x64 = Debug|x64
		Debug|x86 = Debug|x86
		Release|Any CPU = Release|Any CPU
		Release|ARM = Release|ARM
		Release|ARM64 = Release|ARM64
		Release|iPhone = Release|iPhone
		Release|iPhoneSimulator = Release|iPhoneSimulator
		Release|x64 = Release|x64
		Release|x86 = Release|x86
	EndGlobalSection
	GlobalSection(ProjectConfigurationPlatforms) = postSolution
		{75237D76-BE7D-4F07-93C7-5EDE64BAE2A7}.Ad-Hoc|Any CPU.ActiveCfg = Release|Any CPU
		{75237D76-BE7D-4F07-93C7-5EDE64BAE2A7}.Ad-Hoc|Any CPU.Build.0 = Release|Any CPU
		{75237D76-BE7D-4F07-93C7-5EDE64BAE2A7}.Ad-Hoc|Any CPU.Deploy.0 = Release|Any CPU
		{75237D76-BE7D-4F07-93C7-5EDE64BAE2A7}.Ad-Hoc|ARM.ActiveCfg = Release|Any CPU
		{75237D76-BE7D-4F07-93C7-5EDE64BAE2A7}.Ad-Hoc|ARM.Build.0 = Release|Any CPU
		{75237D76-BE7D-4F07-93C7-5EDE64BAE2A7}.Ad-Hoc|ARM.Deploy.0 = Release|Any CPU
		{75237D76-BE7D-4F07-93C7-5EDE64BAE2A7}.Ad-Hoc|ARM64.ActiveCfg = Release|Any CPU
		{75237D76-BE7D-4F07-93C7-5EDE64BAE2A7}.Ad-Hoc|ARM64.Build.0 = Release|Any CPU
		{75237D76-BE7D-4F07-93C7-5EDE64BAE2A7}.Ad-Hoc|ARM64.Deploy.0 = Release|Any CPU
		{75237D76-BE7D-4F07-93C7-5EDE64BAE2A7}.Ad-Hoc|iPhone.ActiveCfg = Release|Any CPU
		{75237D76-BE7D-4F07-93C7-5EDE64BAE2A7}.Ad-Hoc|iPhone.Build.0 = Release|Any CPU
		{75237D76-BE7D-4F07-93C7-5EDE64BAE2A7}.Ad-Hoc|iPhone.Deploy.0 = Release|Any CPU
		{75237D76-BE7D-4F07-93C7-5EDE64BAE2A7}.Ad-Hoc|iPhoneSimulator.ActiveCfg = Release|Any CPU
		{75237D76-BE7D-4F07-93C7-5EDE64BAE2A7}.Ad-Hoc|iPhoneSimulator.Build.0 = Release|Any CPU
		{75237D76-BE7D-4F07-93C7-5EDE64BAE2A7}.Ad-Hoc|iPhoneSimulator.Deploy.0 = Release|Any CPU
		{75237D76-BE7D-4F07-93C7-5EDE64BAE2A7}.Ad-Hoc|x64.ActiveCfg = Release|Any CPU
		{75237D76-BE7D-4F07-93C7-5EDE64BAE2A7}.Ad-Hoc|x64.Build.0 = Release|Any CPU
		{75237D76-BE7D-4F07-93C7-5EDE64BAE2A7}.Ad-Hoc|x64.Deploy.0 = Release|Any CPU
		{75237D76-BE7D-4F07-93C7-5EDE64BAE2A7}.Ad-Hoc|x86.ActiveCfg = Release|Any CPU
		{75237D76-BE7D-4F07-93C7-5EDE64BAE2A7}.Ad-Hoc|x86.Build.0 = Release|Any CPU
		{75237D76-BE7D-4F07-93C7-5EDE64BAE2A7}.Ad-Hoc|x86.Deploy.0 = Release|Any CPU
		{75237D76-BE7D-4F07-93C7-5EDE64BAE2A7}.AppStore|Any CPU.ActiveCfg = Release|Any CPU
		{75237D76-BE7D-4F07-93C7-5EDE64BAE2A7}.AppStore|Any CPU.Build.0 = Release|Any CPU
		{75237D76-BE7D-4F07-93C7-5EDE64BAE2A7}.AppStore|Any CPU.Deploy.0 = Release|Any CPU
		{75237D76-BE7D-4F07-93C7-5EDE64BAE2A7}.AppStore|ARM.ActiveCfg = Release|Any CPU
		{75237D76-BE7D-4F07-93C7-5EDE64BAE2A7}.AppStore|ARM.Build.0 = Release|Any CPU
		{75237D76-BE7D-4F07-93C7-5EDE64BAE2A7}.AppStore|ARM.Deploy.0 = Release|Any CPU
		{75237D76-BE7D-4F07-93C7-5EDE64BAE2A7}.AppStore|ARM64.ActiveCfg = Release|Any CPU
		{75237D76-BE7D-4F07-93C7-5EDE64BAE2A7}.AppStore|ARM64.Build.0 = Release|Any CPU
		{75237D76-BE7D-4F07-93C7-5EDE64BAE2A7}.AppStore|ARM64.Deploy.0 = Release|Any CPU
		{75237D76-BE7D-4F07-93C7-5EDE64BAE2A7}.AppStore|iPhone.ActiveCfg = Release|Any CPU
		{75237D76-BE7D-4F07-93C7-5EDE64BAE2A7}.AppStore|iPhone.Build.0 = Release|Any CPU
		{75237D76-BE7D-4F07-93C7-5EDE64BAE2A7}.AppStore|iPhone.Deploy.0 = Release|Any CPU
		{75237D76-BE7D-4F07-93C7-5EDE64BAE2A7}.AppStore|iPhoneSimulator.ActiveCfg = Release|Any CPU
		{75237D76-BE7D-4F07-93C7-5EDE64BAE2A7}.AppStore|iPhoneSimulator.Build.0 = Release|Any CPU
		{75237D76-BE7D-4F07-93C7-5EDE64BAE2A7}.AppStore|iPhoneSimulator.Deploy.0 = Release|Any CPU
		{75237D76-BE7D-4F07-93C7-5EDE64BAE2A7}.AppStore|x64.ActiveCfg = Release|Any CPU
		{75237D76-BE7D-4F07-93C7-5EDE64BAE2A7}.AppStore|x64.Build.0 = Release|Any CPU
		{75237D76-BE7D-4F07-93C7-5EDE64BAE2A7}.AppStore|x64.Deploy.0 = Release|Any CPU
		{75237D76-BE7D-4F07-93C7-5EDE64BAE2A7}.AppStore|x86.ActiveCfg = Release|Any CPU
		{75237D76-BE7D-4F07-93C7-5EDE64BAE2A7}.AppStore|x86.Build.0 = Release|Any CPU
		{75237D76-BE7D-4F07-93C7-5EDE64BAE2A7}.AppStore|x86.Deploy.0 = Release|Any CPU
		{75237D76-BE7D-4F07-93C7-5EDE64BAE2A7}.Debug|Any CPU.ActiveCfg = Debug|Any CPU
		{75237D76-BE7D-4F07-93C7-5EDE64BAE2A7}.Debug|Any CPU.Build.0 = Debug|Any CPU
		{75237D76-BE7D-4F07-93C7-5EDE64BAE2A7}.Debug|Any CPU.Deploy.0 = Debug|Any CPU
		{75237D76-BE7D-4F07-93C7-5EDE64BAE2A7}.Debug|ARM.ActiveCfg = Debug|Any CPU
		{75237D76-BE7D-4F07-93C7-5EDE64BAE2A7}.Debug|ARM.Build.0 = Debug|Any CPU
		{75237D76-BE7D-4F07-93C7-5EDE64BAE2A7}.Debug|ARM.Deploy.0 = Debug|Any CPU
		{75237D76-BE7D-4F07-93C7-5EDE64BAE2A7}.Debug|ARM64.ActiveCfg = Debug|Any CPU
		{75237D76-BE7D-4F07-93C7-5EDE64BAE2A7}.Debug|ARM64.Build.0 = Debug|Any CPU
		{75237D76-BE7D-4F07-93C7-5EDE64BAE2A7}.Debug|ARM64.Deploy.0 = Debug|Any CPU
		{75237D76-BE7D-4F07-93C7-5EDE64BAE2A7}.Debug|iPhone.ActiveCfg = Debug|Any CPU
		{75237D76-BE7D-4F07-93C7-5EDE64BAE2A7}.Debug|iPhone.Build.0 = Debug|Any CPU
		{75237D76-BE7D-4F07-93C7-5EDE64BAE2A7}.Debug|iPhone.Deploy.0 = Debug|Any CPU
		{75237D76-BE7D-4F07-93C7-5EDE64BAE2A7}.Debug|iPhoneSimulator.ActiveCfg = Debug|Any CPU
		{75237D76-BE7D-4F07-93C7-5EDE64BAE2A7}.Debug|iPhoneSimulator.Build.0 = Debug|Any CPU
		{75237D76-BE7D-4F07-93C7-5EDE64BAE2A7}.Debug|iPhoneSimulator.Deploy.0 = Debug|Any CPU
		{75237D76-BE7D-4F07-93C7-5EDE64BAE2A7}.Debug|x64.ActiveCfg = Debug|Any CPU
		{75237D76-BE7D-4F07-93C7-5EDE64BAE2A7}.Debug|x64.Build.0 = Debug|Any CPU
		{75237D76-BE7D-4F07-93C7-5EDE64BAE2A7}.Debug|x64.Deploy.0 = Debug|Any CPU
		{75237D76-BE7D-4F07-93C7-5EDE64BAE2A7}.Debug|x86.ActiveCfg = Debug|Any CPU
		{75237D76-BE7D-4F07-93C7-5EDE64BAE2A7}.Debug|x86.Build.0 = Debug|Any CPU
		{75237D76-BE7D-4F07-93C7-5EDE64BAE2A7}.Debug|x86.Deploy.0 = Debug|Any CPU
		{75237D76-BE7D-4F07-93C7-5EDE64BAE2A7}.Release|Any CPU.ActiveCfg = Release|Any CPU
		{75237D76-BE7D-4F07-93C7-5EDE64BAE2A7}.Release|Any CPU.Build.0 = Release|Any CPU
		{75237D76-BE7D-4F07-93C7-5EDE64BAE2A7}.Release|Any CPU.Deploy.0 = Release|Any CPU
		{75237D76-BE7D-4F07-93C7-5EDE64BAE2A7}.Release|ARM.ActiveCfg = Release|Any CPU
		{75237D76-BE7D-4F07-93C7-5EDE64BAE2A7}.Release|ARM.Build.0 = Release|Any CPU
		{75237D76-BE7D-4F07-93C7-5EDE64BAE2A7}.Release|ARM.Deploy.0 = Release|Any CPU
		{75237D76-BE7D-4F07-93C7-5EDE64BAE2A7}.Release|ARM64.ActiveCfg = Release|Any CPU
		{75237D76-BE7D-4F07-93C7-5EDE64BAE2A7}.Release|ARM64.Build.0 = Release|Any CPU
		{75237D76-BE7D-4F07-93C7-5EDE64BAE2A7}.Release|ARM64.Deploy.0 = Release|Any CPU
		{75237D76-BE7D-4F07-93C7-5EDE64BAE2A7}.Release|iPhone.ActiveCfg = Release|Any CPU
		{75237D76-BE7D-4F07-93C7-5EDE64BAE2A7}.Release|iPhone.Build.0 = Release|Any CPU
		{75237D76-BE7D-4F07-93C7-5EDE64BAE2A7}.Release|iPhone.Deploy.0 = Release|Any CPU
		{75237D76-BE7D-4F07-93C7-5EDE64BAE2A7}.Release|iPhoneSimulator.ActiveCfg = Release|Any CPU
		{75237D76-BE7D-4F07-93C7-5EDE64BAE2A7}.Release|iPhoneSimulator.Build.0 = Release|Any CPU
		{75237D76-BE7D-4F07-93C7-5EDE64BAE2A7}.Release|iPhoneSimulator.Deploy.0 = Release|Any CPU
		{75237D76-BE7D-4F07-93C7-5EDE64BAE2A7}.Release|x64.ActiveCfg = Release|Any CPU
		{75237D76-BE7D-4F07-93C7-5EDE64BAE2A7}.Release|x64.Build.0 = Release|Any CPU
		{75237D76-BE7D-4F07-93C7-5EDE64BAE2A7}.Release|x64.Deploy.0 = Release|Any CPU
		{75237D76-BE7D-4F07-93C7-5EDE64BAE2A7}.Release|x86.ActiveCfg = Release|Any CPU
		{75237D76-BE7D-4F07-93C7-5EDE64BAE2A7}.Release|x86.Build.0 = Release|Any CPU
		{75237D76-BE7D-4F07-93C7-5EDE64BAE2A7}.Release|x86.Deploy.0 = Release|Any CPU
		{7E5E8F17-6DB6-4B1E-B992-7363CA7EEB4C}.Ad-Hoc|Any CPU.ActiveCfg = Ad-Hoc|iPhone
		{7E5E8F17-6DB6-4B1E-B992-7363CA7EEB4C}.Ad-Hoc|ARM.ActiveCfg = Ad-Hoc|iPhone
		{7E5E8F17-6DB6-4B1E-B992-7363CA7EEB4C}.Ad-Hoc|ARM64.ActiveCfg = Ad-Hoc|iPhone
		{7E5E8F17-6DB6-4B1E-B992-7363CA7EEB4C}.Ad-Hoc|iPhone.ActiveCfg = Ad-Hoc|iPhone
		{7E5E8F17-6DB6-4B1E-B992-7363CA7EEB4C}.Ad-Hoc|iPhone.Build.0 = Ad-Hoc|iPhone
		{7E5E8F17-6DB6-4B1E-B992-7363CA7EEB4C}.Ad-Hoc|iPhoneSimulator.ActiveCfg = Ad-Hoc|iPhoneSimulator
		{7E5E8F17-6DB6-4B1E-B992-7363CA7EEB4C}.Ad-Hoc|iPhoneSimulator.Build.0 = Ad-Hoc|iPhoneSimulator
		{7E5E8F17-6DB6-4B1E-B992-7363CA7EEB4C}.Ad-Hoc|x64.ActiveCfg = Ad-Hoc|iPhone
		{7E5E8F17-6DB6-4B1E-B992-7363CA7EEB4C}.Ad-Hoc|x86.ActiveCfg = Ad-Hoc|iPhone
		{7E5E8F17-6DB6-4B1E-B992-7363CA7EEB4C}.AppStore|Any CPU.ActiveCfg = AppStore|iPhone
		{7E5E8F17-6DB6-4B1E-B992-7363CA7EEB4C}.AppStore|ARM.ActiveCfg = AppStore|iPhone
		{7E5E8F17-6DB6-4B1E-B992-7363CA7EEB4C}.AppStore|ARM64.ActiveCfg = AppStore|iPhone
		{7E5E8F17-6DB6-4B1E-B992-7363CA7EEB4C}.AppStore|iPhone.ActiveCfg = AppStore|iPhone
		{7E5E8F17-6DB6-4B1E-B992-7363CA7EEB4C}.AppStore|iPhone.Build.0 = AppStore|iPhone
		{7E5E8F17-6DB6-4B1E-B992-7363CA7EEB4C}.AppStore|iPhoneSimulator.ActiveCfg = AppStore|iPhoneSimulator
		{7E5E8F17-6DB6-4B1E-B992-7363CA7EEB4C}.AppStore|iPhoneSimulator.Build.0 = AppStore|iPhoneSimulator
		{7E5E8F17-6DB6-4B1E-B992-7363CA7EEB4C}.AppStore|x64.ActiveCfg = AppStore|iPhone
		{7E5E8F17-6DB6-4B1E-B992-7363CA7EEB4C}.AppStore|x86.ActiveCfg = AppStore|iPhone
		{7E5E8F17-6DB6-4B1E-B992-7363CA7EEB4C}.Debug|Any CPU.ActiveCfg = Debug|iPhone
		{7E5E8F17-6DB6-4B1E-B992-7363CA7EEB4C}.Debug|ARM.ActiveCfg = Debug|iPhone
		{7E5E8F17-6DB6-4B1E-B992-7363CA7EEB4C}.Debug|ARM64.ActiveCfg = Debug|iPhone
		{7E5E8F17-6DB6-4B1E-B992-7363CA7EEB4C}.Debug|iPhone.ActiveCfg = Debug|iPhone
		{7E5E8F17-6DB6-4B1E-B992-7363CA7EEB4C}.Debug|iPhone.Build.0 = Debug|iPhone
		{7E5E8F17-6DB6-4B1E-B992-7363CA7EEB4C}.Debug|iPhoneSimulator.ActiveCfg = Debug|iPhoneSimulator
		{7E5E8F17-6DB6-4B1E-B992-7363CA7EEB4C}.Debug|iPhoneSimulator.Build.0 = Debug|iPhoneSimulator
		{7E5E8F17-6DB6-4B1E-B992-7363CA7EEB4C}.Debug|x64.ActiveCfg = Debug|iPhone
		{7E5E8F17-6DB6-4B1E-B992-7363CA7EEB4C}.Debug|x86.ActiveCfg = Debug|iPhone
		{7E5E8F17-6DB6-4B1E-B992-7363CA7EEB4C}.Release|Any CPU.ActiveCfg = Release|iPhone
		{7E5E8F17-6DB6-4B1E-B992-7363CA7EEB4C}.Release|ARM.ActiveCfg = Release|iPhone
		{7E5E8F17-6DB6-4B1E-B992-7363CA7EEB4C}.Release|ARM64.ActiveCfg = Release|iPhone
		{7E5E8F17-6DB6-4B1E-B992-7363CA7EEB4C}.Release|iPhone.ActiveCfg = Release|iPhone
		{7E5E8F17-6DB6-4B1E-B992-7363CA7EEB4C}.Release|iPhone.Build.0 = Release|iPhone
		{7E5E8F17-6DB6-4B1E-B992-7363CA7EEB4C}.Release|iPhoneSimulator.ActiveCfg = Release|iPhoneSimulator
		{7E5E8F17-6DB6-4B1E-B992-7363CA7EEB4C}.Release|iPhoneSimulator.Build.0 = Release|iPhoneSimulator
		{7E5E8F17-6DB6-4B1E-B992-7363CA7EEB4C}.Release|x64.ActiveCfg = Release|iPhone
		{7E5E8F17-6DB6-4B1E-B992-7363CA7EEB4C}.Release|x86.ActiveCfg = Release|iPhone
		{DF2D5237-077B-42DB-88DD-1338C22D5A57}.Ad-Hoc|Any CPU.ActiveCfg = Release|x64
		{DF2D5237-077B-42DB-88DD-1338C22D5A57}.Ad-Hoc|Any CPU.Build.0 = Release|x64
		{DF2D5237-077B-42DB-88DD-1338C22D5A57}.Ad-Hoc|Any CPU.Deploy.0 = Release|x64
		{DF2D5237-077B-42DB-88DD-1338C22D5A57}.Ad-Hoc|ARM.ActiveCfg = Release|ARM
		{DF2D5237-077B-42DB-88DD-1338C22D5A57}.Ad-Hoc|ARM.Build.0 = Release|ARM
		{DF2D5237-077B-42DB-88DD-1338C22D5A57}.Ad-Hoc|ARM.Deploy.0 = Release|ARM
		{DF2D5237-077B-42DB-88DD-1338C22D5A57}.Ad-Hoc|ARM64.ActiveCfg = Release|ARM64
		{DF2D5237-077B-42DB-88DD-1338C22D5A57}.Ad-Hoc|ARM64.Build.0 = Release|ARM64
		{DF2D5237-077B-42DB-88DD-1338C22D5A57}.Ad-Hoc|ARM64.Deploy.0 = Release|ARM64
		{DF2D5237-077B-42DB-88DD-1338C22D5A57}.Ad-Hoc|iPhone.ActiveCfg = Release|x64
		{DF2D5237-077B-42DB-88DD-1338C22D5A57}.Ad-Hoc|iPhone.Build.0 = Release|x64
		{DF2D5237-077B-42DB-88DD-1338C22D5A57}.Ad-Hoc|iPhone.Deploy.0 = Release|x64
		{DF2D5237-077B-42DB-88DD-1338C22D5A57}.Ad-Hoc|iPhoneSimulator.ActiveCfg = Release|x64
		{DF2D5237-077B-42DB-88DD-1338C22D5A57}.Ad-Hoc|iPhoneSimulator.Build.0 = Release|x64
		{DF2D5237-077B-42DB-88DD-1338C22D5A57}.Ad-Hoc|iPhoneSimulator.Deploy.0 = Release|x64
		{DF2D5237-077B-42DB-88DD-1338C22D5A57}.Ad-Hoc|x64.ActiveCfg = Release|x64
		{DF2D5237-077B-42DB-88DD-1338C22D5A57}.Ad-Hoc|x64.Build.0 = Release|x64
		{DF2D5237-077B-42DB-88DD-1338C22D5A57}.Ad-Hoc|x64.Deploy.0 = Release|x64
		{DF2D5237-077B-42DB-88DD-1338C22D5A57}.Ad-Hoc|x86.ActiveCfg = Release|x86
		{DF2D5237-077B-42DB-88DD-1338C22D5A57}.Ad-Hoc|x86.Build.0 = Release|x86
		{DF2D5237-077B-42DB-88DD-1338C22D5A57}.Ad-Hoc|x86.Deploy.0 = Release|x86
		{DF2D5237-077B-42DB-88DD-1338C22D5A57}.AppStore|Any CPU.ActiveCfg = Release|x64
		{DF2D5237-077B-42DB-88DD-1338C22D5A57}.AppStore|Any CPU.Build.0 = Release|x64
		{DF2D5237-077B-42DB-88DD-1338C22D5A57}.AppStore|Any CPU.Deploy.0 = Release|x64
		{DF2D5237-077B-42DB-88DD-1338C22D5A57}.AppStore|ARM.ActiveCfg = Release|ARM
		{DF2D5237-077B-42DB-88DD-1338C22D5A57}.AppStore|ARM.Build.0 = Release|ARM
		{DF2D5237-077B-42DB-88DD-1338C22D5A57}.AppStore|ARM.Deploy.0 = Release|ARM
		{DF2D5237-077B-42DB-88DD-1338C22D5A57}.AppStore|ARM64.ActiveCfg = Release|ARM64
		{DF2D5237-077B-42DB-88DD-1338C22D5A57}.AppStore|ARM64.Build.0 = Release|ARM64
		{DF2D5237-077B-42DB-88DD-1338C22D5A57}.AppStore|ARM64.Deploy.0 = Release|ARM64
		{DF2D5237-077B-42DB-88DD-1338C22D5A57}.AppStore|iPhone.ActiveCfg = Release|x64
		{DF2D5237-077B-42DB-88DD-1338C22D5A57}.AppStore|iPhone.Build.0 = Release|x64
		{DF2D5237-077B-42DB-88DD-1338C22D5A57}.AppStore|iPhone.Deploy.0 = Release|x64
		{DF2D5237-077B-42DB-88DD-1338C22D5A57}.AppStore|iPhoneSimulator.ActiveCfg = Release|x64
		{DF2D5237-077B-42DB-88DD-1338C22D5A57}.AppStore|iPhoneSimulator.Build.0 = Release|x64
		{DF2D5237-077B-42DB-88DD-1338C22D5A57}.AppStore|iPhoneSimulator.Deploy.0 = Release|x64
		{DF2D5237-077B-42DB-88DD-1338C22D5A57}.AppStore|x64.ActiveCfg = Release|x64
		{DF2D5237-077B-42DB-88DD-1338C22D5A57}.AppStore|x64.Build.0 = Release|x64
		{DF2D5237-077B-42DB-88DD-1338C22D5A57}.AppStore|x64.Deploy.0 = Release|x64
		{DF2D5237-077B-42DB-88DD-1338C22D5A57}.AppStore|x86.ActiveCfg = Release|x86
		{DF2D5237-077B-42DB-88DD-1338C22D5A57}.AppStore|x86.Build.0 = Release|x86
		{DF2D5237-077B-42DB-88DD-1338C22D5A57}.AppStore|x86.Deploy.0 = Release|x86
		{DF2D5237-077B-42DB-88DD-1338C22D5A57}.Debug|Any CPU.ActiveCfg = Debug|x86
		{DF2D5237-077B-42DB-88DD-1338C22D5A57}.Debug|ARM.ActiveCfg = Debug|ARM
		{DF2D5237-077B-42DB-88DD-1338C22D5A57}.Debug|ARM.Build.0 = Debug|ARM
		{DF2D5237-077B-42DB-88DD-1338C22D5A57}.Debug|ARM.Deploy.0 = Debug|ARM
		{DF2D5237-077B-42DB-88DD-1338C22D5A57}.Debug|ARM64.ActiveCfg = Debug|ARM64
		{DF2D5237-077B-42DB-88DD-1338C22D5A57}.Debug|ARM64.Build.0 = Debug|ARM64
		{DF2D5237-077B-42DB-88DD-1338C22D5A57}.Debug|ARM64.Deploy.0 = Debug|ARM64
		{DF2D5237-077B-42DB-88DD-1338C22D5A57}.Debug|iPhone.ActiveCfg = Debug|x86
		{DF2D5237-077B-42DB-88DD-1338C22D5A57}.Debug|iPhoneSimulator.ActiveCfg = Debug|x86
		{DF2D5237-077B-42DB-88DD-1338C22D5A57}.Debug|x64.ActiveCfg = Debug|x64
		{DF2D5237-077B-42DB-88DD-1338C22D5A57}.Debug|x64.Build.0 = Debug|x64
		{DF2D5237-077B-42DB-88DD-1338C22D5A57}.Debug|x64.Deploy.0 = Debug|x64
		{DF2D5237-077B-42DB-88DD-1338C22D5A57}.Debug|x86.ActiveCfg = Debug|x86
		{DF2D5237-077B-42DB-88DD-1338C22D5A57}.Debug|x86.Build.0 = Debug|x86
		{DF2D5237-077B-42DB-88DD-1338C22D5A57}.Debug|x86.Deploy.0 = Debug|x86
		{DF2D5237-077B-42DB-88DD-1338C22D5A57}.Release|Any CPU.ActiveCfg = Release|x86
		{DF2D5237-077B-42DB-88DD-1338C22D5A57}.Release|ARM.ActiveCfg = Release|ARM
		{DF2D5237-077B-42DB-88DD-1338C22D5A57}.Release|ARM.Build.0 = Release|ARM
		{DF2D5237-077B-42DB-88DD-1338C22D5A57}.Release|ARM.Deploy.0 = Release|ARM
		{DF2D5237-077B-42DB-88DD-1338C22D5A57}.Release|ARM64.ActiveCfg = Release|ARM64
		{DF2D5237-077B-42DB-88DD-1338C22D5A57}.Release|ARM64.Build.0 = Release|ARM64
		{DF2D5237-077B-42DB-88DD-1338C22D5A57}.Release|ARM64.Deploy.0 = Release|ARM64
		{DF2D5237-077B-42DB-88DD-1338C22D5A57}.Release|iPhone.ActiveCfg = Release|x86
		{DF2D5237-077B-42DB-88DD-1338C22D5A57}.Release|iPhoneSimulator.ActiveCfg = Release|x86
		{DF2D5237-077B-42DB-88DD-1338C22D5A57}.Release|x64.ActiveCfg = Release|x64
		{DF2D5237-077B-42DB-88DD-1338C22D5A57}.Release|x64.Build.0 = Release|x64
		{DF2D5237-077B-42DB-88DD-1338C22D5A57}.Release|x64.Deploy.0 = Release|x64
		{DF2D5237-077B-42DB-88DD-1338C22D5A57}.Release|x86.ActiveCfg = Release|x86
		{DF2D5237-077B-42DB-88DD-1338C22D5A57}.Release|x86.Build.0 = Release|x86
		{DF2D5237-077B-42DB-88DD-1338C22D5A57}.Release|x86.Deploy.0 = Release|x86
		{763324B9-ACA5-41C9-93AE-84007DD62EE5}.Ad-Hoc|Any CPU.ActiveCfg = Debug|Any CPU
		{763324B9-ACA5-41C9-93AE-84007DD62EE5}.Ad-Hoc|Any CPU.Build.0 = Debug|Any CPU
		{763324B9-ACA5-41C9-93AE-84007DD62EE5}.Ad-Hoc|ARM.ActiveCfg = Debug|Any CPU
		{763324B9-ACA5-41C9-93AE-84007DD62EE5}.Ad-Hoc|ARM.Build.0 = Debug|Any CPU
		{763324B9-ACA5-41C9-93AE-84007DD62EE5}.Ad-Hoc|ARM64.ActiveCfg = Debug|Any CPU
		{763324B9-ACA5-41C9-93AE-84007DD62EE5}.Ad-Hoc|ARM64.Build.0 = Debug|Any CPU
		{763324B9-ACA5-41C9-93AE-84007DD62EE5}.Ad-Hoc|iPhone.ActiveCfg = Debug|Any CPU
		{763324B9-ACA5-41C9-93AE-84007DD62EE5}.Ad-Hoc|iPhone.Build.0 = Debug|Any CPU
		{763324B9-ACA5-41C9-93AE-84007DD62EE5}.Ad-Hoc|iPhoneSimulator.ActiveCfg = Debug|Any CPU
		{763324B9-ACA5-41C9-93AE-84007DD62EE5}.Ad-Hoc|iPhoneSimulator.Build.0 = Debug|Any CPU
		{763324B9-ACA5-41C9-93AE-84007DD62EE5}.Ad-Hoc|x64.ActiveCfg = Debug|Any CPU
		{763324B9-ACA5-41C9-93AE-84007DD62EE5}.Ad-Hoc|x64.Build.0 = Debug|Any CPU
		{763324B9-ACA5-41C9-93AE-84007DD62EE5}.Ad-Hoc|x86.ActiveCfg = Debug|Any CPU
		{763324B9-ACA5-41C9-93AE-84007DD62EE5}.Ad-Hoc|x86.Build.0 = Debug|Any CPU
		{763324B9-ACA5-41C9-93AE-84007DD62EE5}.AppStore|Any CPU.ActiveCfg = Debug|Any CPU
		{763324B9-ACA5-41C9-93AE-84007DD62EE5}.AppStore|Any CPU.Build.0 = Debug|Any CPU
		{763324B9-ACA5-41C9-93AE-84007DD62EE5}.AppStore|ARM.ActiveCfg = Debug|Any CPU
		{763324B9-ACA5-41C9-93AE-84007DD62EE5}.AppStore|ARM.Build.0 = Debug|Any CPU
		{763324B9-ACA5-41C9-93AE-84007DD62EE5}.AppStore|ARM64.ActiveCfg = Debug|Any CPU
		{763324B9-ACA5-41C9-93AE-84007DD62EE5}.AppStore|ARM64.Build.0 = Debug|Any CPU
		{763324B9-ACA5-41C9-93AE-84007DD62EE5}.AppStore|iPhone.ActiveCfg = Debug|Any CPU
		{763324B9-ACA5-41C9-93AE-84007DD62EE5}.AppStore|iPhone.Build.0 = Debug|Any CPU
		{763324B9-ACA5-41C9-93AE-84007DD62EE5}.AppStore|iPhoneSimulator.ActiveCfg = Debug|Any CPU
		{763324B9-ACA5-41C9-93AE-84007DD62EE5}.AppStore|iPhoneSimulator.Build.0 = Debug|Any CPU
		{763324B9-ACA5-41C9-93AE-84007DD62EE5}.AppStore|x64.ActiveCfg = Debug|Any CPU
		{763324B9-ACA5-41C9-93AE-84007DD62EE5}.AppStore|x64.Build.0 = Debug|Any CPU
		{763324B9-ACA5-41C9-93AE-84007DD62EE5}.AppStore|x86.ActiveCfg = Debug|Any CPU
		{763324B9-ACA5-41C9-93AE-84007DD62EE5}.AppStore|x86.Build.0 = Debug|Any CPU
		{763324B9-ACA5-41C9-93AE-84007DD62EE5}.Debug|Any CPU.ActiveCfg = Debug|Any CPU
		{763324B9-ACA5-41C9-93AE-84007DD62EE5}.Debug|Any CPU.Build.0 = Debug|Any CPU
		{763324B9-ACA5-41C9-93AE-84007DD62EE5}.Debug|ARM.ActiveCfg = Debug|Any CPU
		{763324B9-ACA5-41C9-93AE-84007DD62EE5}.Debug|ARM.Build.0 = Debug|Any CPU
		{763324B9-ACA5-41C9-93AE-84007DD62EE5}.Debug|ARM64.ActiveCfg = Debug|Any CPU
		{763324B9-ACA5-41C9-93AE-84007DD62EE5}.Debug|ARM64.Build.0 = Debug|Any CPU
		{763324B9-ACA5-41C9-93AE-84007DD62EE5}.Debug|iPhone.ActiveCfg = Debug|Any CPU
		{763324B9-ACA5-41C9-93AE-84007DD62EE5}.Debug|iPhone.Build.0 = Debug|Any CPU
		{763324B9-ACA5-41C9-93AE-84007DD62EE5}.Debug|iPhoneSimulator.ActiveCfg = Debug|Any CPU
		{763324B9-ACA5-41C9-93AE-84007DD62EE5}.Debug|iPhoneSimulator.Build.0 = Debug|Any CPU
		{763324B9-ACA5-41C9-93AE-84007DD62EE5}.Debug|x64.ActiveCfg = Debug|Any CPU
		{763324B9-ACA5-41C9-93AE-84007DD62EE5}.Debug|x64.Build.0 = Debug|Any CPU
		{763324B9-ACA5-41C9-93AE-84007DD62EE5}.Debug|x86.ActiveCfg = Debug|Any CPU
		{763324B9-ACA5-41C9-93AE-84007DD62EE5}.Debug|x86.Build.0 = Debug|Any CPU
		{763324B9-ACA5-41C9-93AE-84007DD62EE5}.Release|Any CPU.ActiveCfg = Release|Any CPU
		{763324B9-ACA5-41C9-93AE-84007DD62EE5}.Release|Any CPU.Build.0 = Release|Any CPU
		{763324B9-ACA5-41C9-93AE-84007DD62EE5}.Release|ARM.ActiveCfg = Release|Any CPU
		{763324B9-ACA5-41C9-93AE-84007DD62EE5}.Release|ARM.Build.0 = Release|Any CPU
		{763324B9-ACA5-41C9-93AE-84007DD62EE5}.Release|ARM64.ActiveCfg = Release|Any CPU
		{763324B9-ACA5-41C9-93AE-84007DD62EE5}.Release|ARM64.Build.0 = Release|Any CPU
		{763324B9-ACA5-41C9-93AE-84007DD62EE5}.Release|iPhone.ActiveCfg = Release|Any CPU
		{763324B9-ACA5-41C9-93AE-84007DD62EE5}.Release|iPhone.Build.0 = Release|Any CPU
		{763324B9-ACA5-41C9-93AE-84007DD62EE5}.Release|iPhoneSimulator.ActiveCfg = Release|Any CPU
		{763324B9-ACA5-41C9-93AE-84007DD62EE5}.Release|iPhoneSimulator.Build.0 = Release|Any CPU
		{763324B9-ACA5-41C9-93AE-84007DD62EE5}.Release|x64.ActiveCfg = Release|Any CPU
		{763324B9-ACA5-41C9-93AE-84007DD62EE5}.Release|x64.Build.0 = Release|Any CPU
		{763324B9-ACA5-41C9-93AE-84007DD62EE5}.Release|x86.ActiveCfg = Release|Any CPU
		{763324B9-ACA5-41C9-93AE-84007DD62EE5}.Release|x86.Build.0 = Release|Any CPU
		{BF696F5D-2235-4D97-9964-783C43659ABC}.Ad-Hoc|Any CPU.ActiveCfg = Release|iPhoneSimulator
		{BF696F5D-2235-4D97-9964-783C43659ABC}.Ad-Hoc|Any CPU.Build.0 = Release|iPhoneSimulator
		{BF696F5D-2235-4D97-9964-783C43659ABC}.Ad-Hoc|ARM.ActiveCfg = Release|iPhoneSimulator
		{BF696F5D-2235-4D97-9964-783C43659ABC}.Ad-Hoc|ARM.Build.0 = Release|iPhoneSimulator
		{BF696F5D-2235-4D97-9964-783C43659ABC}.Ad-Hoc|ARM64.ActiveCfg = Release|iPhoneSimulator
		{BF696F5D-2235-4D97-9964-783C43659ABC}.Ad-Hoc|ARM64.Build.0 = Release|iPhoneSimulator
		{BF696F5D-2235-4D97-9964-783C43659ABC}.Ad-Hoc|iPhone.ActiveCfg = Release|iPhoneSimulator
		{BF696F5D-2235-4D97-9964-783C43659ABC}.Ad-Hoc|iPhone.Build.0 = Release|iPhoneSimulator
		{BF696F5D-2235-4D97-9964-783C43659ABC}.Ad-Hoc|iPhoneSimulator.ActiveCfg = Release|iPhoneSimulator
		{BF696F5D-2235-4D97-9964-783C43659ABC}.Ad-Hoc|iPhoneSimulator.Build.0 = Release|iPhoneSimulator
		{BF696F5D-2235-4D97-9964-783C43659ABC}.Ad-Hoc|x64.ActiveCfg = Release|iPhoneSimulator
		{BF696F5D-2235-4D97-9964-783C43659ABC}.Ad-Hoc|x64.Build.0 = Release|iPhoneSimulator
		{BF696F5D-2235-4D97-9964-783C43659ABC}.Ad-Hoc|x86.ActiveCfg = Release|iPhoneSimulator
		{BF696F5D-2235-4D97-9964-783C43659ABC}.Ad-Hoc|x86.Build.0 = Release|iPhoneSimulator
		{BF696F5D-2235-4D97-9964-783C43659ABC}.AppStore|Any CPU.ActiveCfg = Release|iPhoneSimulator
		{BF696F5D-2235-4D97-9964-783C43659ABC}.AppStore|Any CPU.Build.0 = Release|iPhoneSimulator
		{BF696F5D-2235-4D97-9964-783C43659ABC}.AppStore|ARM.ActiveCfg = Release|iPhoneSimulator
		{BF696F5D-2235-4D97-9964-783C43659ABC}.AppStore|ARM.Build.0 = Release|iPhoneSimulator
		{BF696F5D-2235-4D97-9964-783C43659ABC}.AppStore|ARM64.ActiveCfg = Release|iPhoneSimulator
		{BF696F5D-2235-4D97-9964-783C43659ABC}.AppStore|ARM64.Build.0 = Release|iPhoneSimulator
		{BF696F5D-2235-4D97-9964-783C43659ABC}.AppStore|iPhone.ActiveCfg = Release|iPhoneSimulator
		{BF696F5D-2235-4D97-9964-783C43659ABC}.AppStore|iPhone.Build.0 = Release|iPhoneSimulator
		{BF696F5D-2235-4D97-9964-783C43659ABC}.AppStore|iPhoneSimulator.ActiveCfg = Release|iPhoneSimulator
		{BF696F5D-2235-4D97-9964-783C43659ABC}.AppStore|iPhoneSimulator.Build.0 = Release|iPhoneSimulator
		{BF696F5D-2235-4D97-9964-783C43659ABC}.AppStore|x64.ActiveCfg = Release|iPhoneSimulator
		{BF696F5D-2235-4D97-9964-783C43659ABC}.AppStore|x64.Build.0 = Release|iPhoneSimulator
		{BF696F5D-2235-4D97-9964-783C43659ABC}.AppStore|x86.ActiveCfg = Release|iPhoneSimulator
		{BF696F5D-2235-4D97-9964-783C43659ABC}.AppStore|x86.Build.0 = Release|iPhoneSimulator
		{BF696F5D-2235-4D97-9964-783C43659ABC}.Debug|Any CPU.ActiveCfg = Debug|iPhoneSimulator
		{BF696F5D-2235-4D97-9964-783C43659ABC}.Debug|ARM.ActiveCfg = Debug|iPhoneSimulator
		{BF696F5D-2235-4D97-9964-783C43659ABC}.Debug|ARM64.ActiveCfg = Debug|iPhoneSimulator
		{BF696F5D-2235-4D97-9964-783C43659ABC}.Debug|iPhone.ActiveCfg = Debug|iPhoneSimulator
		{BF696F5D-2235-4D97-9964-783C43659ABC}.Debug|iPhoneSimulator.ActiveCfg = Debug|iPhoneSimulator
		{BF696F5D-2235-4D97-9964-783C43659ABC}.Debug|iPhoneSimulator.Build.0 = Debug|iPhoneSimulator
		{BF696F5D-2235-4D97-9964-783C43659ABC}.Debug|x64.ActiveCfg = Debug|iPhoneSimulator
		{BF696F5D-2235-4D97-9964-783C43659ABC}.Debug|x86.ActiveCfg = Debug|iPhoneSimulator
		{BF696F5D-2235-4D97-9964-783C43659ABC}.Release|Any CPU.ActiveCfg = Release|iPhoneSimulator
		{BF696F5D-2235-4D97-9964-783C43659ABC}.Release|ARM.ActiveCfg = Release|iPhoneSimulator
		{BF696F5D-2235-4D97-9964-783C43659ABC}.Release|ARM64.ActiveCfg = Release|iPhoneSimulator
		{BF696F5D-2235-4D97-9964-783C43659ABC}.Release|iPhone.ActiveCfg = Release|iPhoneSimulator
		{BF696F5D-2235-4D97-9964-783C43659ABC}.Release|iPhoneSimulator.ActiveCfg = Release|iPhoneSimulator
		{BF696F5D-2235-4D97-9964-783C43659ABC}.Release|iPhoneSimulator.Build.0 = Release|iPhoneSimulator
		{BF696F5D-2235-4D97-9964-783C43659ABC}.Release|x64.ActiveCfg = Release|iPhoneSimulator
		{BF696F5D-2235-4D97-9964-783C43659ABC}.Release|x86.ActiveCfg = Release|iPhoneSimulator
	EndGlobalSection
	GlobalSection(SolutionProperties) = preSolution
		HideSolutionNode = FALSE
	EndGlobalSection
	GlobalSection(ExtensibilityGlobals) = postSolution
		SolutionGuid = {8F776C4D-0810-4CB7-AB73-149BA16AB35F}
	EndGlobalSection
EndGlobal
